
Microsoft Visual Studio Solution File, Format Version 12.00
# Visual Studio 15
VisualStudioVersion = 15.0.28010.2026
MinimumVisualStudioVersion = 10.0.40219.1
Project("{FAE04EC0-301F-11D3-BF4B-00C04F79EFBC}") = "NameDrawApp", "NameDrawApp\NameDrawApp.csproj", "{2F1A7492-67A9-43F9-AC3D-CCD05F850B01}"
EndProject
Global
	GlobalSection(SolutionConfigurationPlatforms) = preSolution
		Debug|Any CPU = Debug|Any CPU
		Release|Any CPU = Release|Any CPU
	EndGlobalSection
	GlobalSection(ProjectConfigurationPlatforms) = postSolution
		{2F1A7492-67A9-43F9-AC3D-CCD05F850B01}.Debug|Any CPU.ActiveCfg = Debug|Any CPU
		{2F1A7492-67A9-43F9-AC3D-CCD05F850B01}.Debug|Any CPU.Build.0 = Debug|Any CPU
		{2F1A7492-67A9-43F9-AC3D-CCD05F850B01}.Release|Any CPU.ActiveCfg = Release|Any CPU
		{2F1A7492-67A9-43F9-AC3D-CCD05F850B01}.Release|Any CPU.Build.0 = Release|Any CPU
	EndGlobalSection
	GlobalSection(SolutionProperties) = preSolution
		HideSolutionNode = FALSE
	EndGlobalSection
	GlobalSection(ExtensibilityGlobals) = postSolution
		SolutionGuid = {FC4C59E8-CDAE-4F54-A2C4-7BD1C3B8A6C9}
	EndGlobalSection
EndGlobal
